
Microsoft Visual Studio Solution File, Format Version 12.00
# Visual Studio 15
VisualStudioVersion = 15.0.28307.329
MinimumVisualStudioVersion = 10.0.40219.1
Project("{FAE04EC0-301F-11D3-BF4B-00C04F79EFBC}") = "IdentityCore", "IdentityCore\IdentityCore.csproj", "{0FBAD75A-0C64-491B-88BF-95192B52324B}"
EndProject
Global
	GlobalSection(SolutionConfigurationPlatforms) = preSolution
		Debug|Any CPU = Debug|Any CPU
		Release|Any CPU = Release|Any CPU
	EndGlobalSection
	GlobalSection(ProjectConfigurationPlatforms) = postSolution
		{0FBAD75A-0C64-491B-88BF-95192B52324B}.Debug|Any CPU.ActiveCfg = Debug|Any CPU
		{0FBAD75A-0C64-491B-88BF-95192B52324B}.Debug|Any CPU.Build.0 = Debug|Any CPU
		{0FBAD75A-0C64-491B-88BF-95192B52324B}.Release|Any CPU.ActiveCfg = Release|Any CPU
		{0FBAD75A-0C64-491B-88BF-95192B52324B}.Release|Any CPU.Build.0 = Release|Any CPU
	EndGlobalSection
	GlobalSection(SolutionProperties) = preSolution
		HideSolutionNode = FALSE
	EndGlobalSection
	GlobalSection(ExtensibilityGlobals) = postSolution
		SolutionGuid = {8B979E65-FC6D-4F28-A601-731FA91DD173}
	EndGlobalSection
EndGlobal
